// !$*UTF8*$!
{
	archiveVersion = 1;
	classes = {
	};
	objectVersion = 46;
	objects = {

/* Begin PBXBuildFile section */
		C360EF581C5D4C2800F50545 /* main.m in Sources */ = {isa = PBXBuildFile; fileRef = C360EF571C5D4C2800F50545 /* main.m */; };
		C360EF5B1C5D4C2800F50545 /* AppDelegate.m in Sources */ = {isa = PBXBuildFile; fileRef = C360EF5A1C5D4C2800F50545 /* AppDelegate.m */; };
		C360EF5E1C5D4C2800F50545 /* MainViewController.m in Sources */ = {isa = PBXBuildFile; fileRef = C360EF5D1C5D4C2800F50545 /* MainViewController.m */; };
		C360EF611C5D4C2800F50545 /* Main.storyboard in Resources */ = {isa = PBXBuildFile; fileRef = C360EF5F1C5D4C2800F50545 /* Main.storyboard */; };
		C360EF631C5D4C2800F50545 /* Assets.xcassets in Resources */ = {isa = PBXBuildFile; fileRef = C360EF621C5D4C2800F50545 /* Assets.xcassets */; };
		C360EF661C5D4C2800F50545 /* LaunchScreen.storyboard in Resources */ = {isa = PBXBuildFile; fileRef = C360EF641C5D4C2800F50545 /* LaunchScreen.storyboard */; };
		C360EF711C5D4C2800F50545 /* EmercuateTests.m in Sources */ = {isa = PBXBuildFile; fileRef = C360EF701C5D4C2800F50545 /* EmercuateTests.m */; };
		C360EF7C1C5D4C2800F50545 /* EmercuateUITests.m in Sources */ = {isa = PBXBuildFile; fileRef = C360EF7B1C5D4C2800F50545 /* EmercuateUITests.m */; };
		C360EF931C5D53A300F50545 /* InformationTableViewController.m in Sources */ = {isa = PBXBuildFile; fileRef = C360EF921C5D53A300F50545 /* InformationTableViewController.m */; };
		C360EF9B1C5D8DC100F50545 /* MessageUI.framework in Frameworks */ = {isa = PBXBuildFile; fileRef = C360EF9A1C5D8DC100F50545 /* MessageUI.framework */; };
		C360EF9E1C5DA36400F50545 /* Information.m in Sources */ = {isa = PBXBuildFile; fileRef = C360EF9D1C5DA36400F50545 /* Information.m */; };
/* End PBXBuildFile section */

/* Begin PBXContainerItemProxy section */
		C360EF6D1C5D4C2800F50545 /* PBXContainerItemProxy */ = {
			isa = PBXContainerItemProxy;
			containerPortal = C360EF4B1C5D4C2800F50545 /* Project object */;
			proxyType = 1;
			remoteGlobalIDString = C360EF521C5D4C2800F50545;
			remoteInfo = Emercuate;
		};
		C360EF781C5D4C2800F50545 /* PBXContainerItemProxy */ = {
			isa = PBXContainerItemProxy;
			containerPortal = C360EF4B1C5D4C2800F50545 /* Project object */;
			proxyType = 1;
			remoteGlobalIDString = C360EF521C5D4C2800F50545;
			remoteInfo = Emercuate;
		};
/* End PBXContainerItemProxy section */

/* Begin PBXFileReference section */
		C360EF531C5D4C2800F50545 /* Emercuate.app */ = {isa = PBXFileReference; explicitFileType = wrapper.application; includeInIndex = 0; path = Emercuate.app; sourceTree = BUILT_PRODUCTS_DIR; };
		C360EF571C5D4C2800F50545 /* main.m */ = {isa = PBXFileReference; lastKnownFileType = sourcecode.c.objc; path = main.m; sourceTree = "<group>"; };
		C360EF591C5D4C2800F50545 /* AppDelegate.h */ = {isa = PBXFileReference; lastKnownFileType = sourcecode.c.h; path = AppDelegate.h; sourceTree = "<group>"; };
		C360EF5A1C5D4C2800F50545 /* AppDelegate.m */ = {isa = PBXFileReference; lastKnownFileType = sourcecode.c.objc; path = AppDelegate.m; sourceTree = "<group>"; };
		C360EF5C1C5D4C2800F50545 /* MainViewController.h */ = {isa = PBXFileReference; lastKnownFileType = sourcecode.c.h; path = MainViewController.h; sourceTree = "<group>"; };
		C360EF5D1C5D4C2800F50545 /* MainViewController.m */ = {isa = PBXFileReference; lastKnownFileType = sourcecode.c.objc; path = MainViewController.m; sourceTree = "<group>"; };
		C360EF601C5D4C2800F50545 /* Base */ = {isa = PBXFileReference; lastKnownFileType = file.storyboard; name = Base; path = Base.lproj/Main.storyboard; sourceTree = "<group>"; };
		C360EF621C5D4C2800F50545 /* Assets.xcassets */ = {isa = PBXFileReference; lastKnownFileType = folder.assetcatalog; path = Assets.xcassets; sourceTree = "<group>"; };
		C360EF651C5D4C2800F50545 /* Base */ = {isa = PBXFileReference; lastKnownFileType = file.storyboard; name = Base; path = Base.lproj/LaunchScreen.storyboard; sourceTree = "<group>"; };
		C360EF671C5D4C2800F50545 /* Info.plist */ = {isa = PBXFileReference; lastKnownFileType = text.plist.xml; path = Info.plist; sourceTree = "<group>"; };
		C360EF6C1C5D4C2800F50545 /* EmercuateTests.xctest */ = {isa = PBXFileReference; explicitFileType = wrapper.cfbundle; includeInIndex = 0; path = EmercuateTests.xctest; sourceTree = BUILT_PRODUCTS_DIR; };
		C360EF701C5D4C2800F50545 /* EmercuateTests.m */ = {isa = PBXFileReference; lastKnownFileType = sourcecode.c.objc; path = EmercuateTests.m; sourceTree = "<group>"; };
		C360EF721C5D4C2800F50545 /* Info.plist */ = {isa = PBXFileReference; lastKnownFileType = text.plist.xml; path = Info.plist; sourceTree = "<group>"; };
		C360EF771C5D4C2800F50545 /* EmercuateUITests.xctest */ = {isa = PBXFileReference; explicitFileType = wrapper.cfbundle; includeInIndex = 0; path = EmercuateUITests.xctest; sourceTree = BUILT_PRODUCTS_DIR; };
		C360EF7B1C5D4C2800F50545 /* EmercuateUITests.m */ = {isa = PBXFileReference; lastKnownFileType = sourcecode.c.objc; path = EmercuateUITests.m; sourceTree = "<group>"; };
		C360EF7D1C5D4C2800F50545 /* Info.plist */ = {isa = PBXFileReference; lastKnownFileType = text.plist.xml; path = Info.plist; sourceTree = "<group>"; };
		C360EF911C5D53A300F50545 /* InformationTableViewController.h */ = {isa = PBXFileReference; fileEncoding = 4; lastKnownFileType = sourcecode.c.h; path = InformationTableViewController.h; sourceTree = "<group>"; };
		C360EF921C5D53A300F50545 /* InformationTableViewController.m */ = {isa = PBXFileReference; fileEncoding = 4; lastKnownFileType = sourcecode.c.objc; path = InformationTableViewController.m; sourceTree = "<group>"; };
		C360EF9A1C5D8DC100F50545 /* MessageUI.framework */ = {isa = PBXFileReference; lastKnownFileType = wrapper.framework; name = MessageUI.framework; path = System/Library/Frameworks/MessageUI.framework; sourceTree = SDKROOT; };
		C360EF9C1C5DA36400F50545 /* Information.h */ = {isa = PBXFileReference; fileEncoding = 4; lastKnownFileType = sourcecode.c.h; path = Information.h; sourceTree = "<group>"; };
		C360EF9D1C5DA36400F50545 /* Information.m */ = {isa = PBXFileReference; fileEncoding = 4; lastKnownFileType = sourcecode.c.objc; path = Information.m; sourceTree = "<group>"; };
/* End PBXFileReference section */

/* Begin PBXFrameworksBuildPhase section */
		C360EF501C5D4C2800F50545 /* Frameworks */ = {
			isa = PBXFrameworksBuildPhase;
			buildActionMask = 2147483647;
			files = (
				C360EF9B1C5D8DC100F50545 /* MessageUI.framework in Frameworks */,
			);
			runOnlyForDeploymentPostprocessing = 0;
		};
		C360EF691C5D4C2800F50545 /* Frameworks */ = {
			isa = PBXFrameworksBuildPhase;
			buildActionMask = 2147483647;
			files = (
			);
			runOnlyForDeploymentPostprocessing = 0;
		};
		C360EF741C5D4C2800F50545 /* Frameworks */ = {
			isa = PBXFrameworksBuildPhase;
			buildActionMask = 2147483647;
			files = (
			);
			runOnlyForDeploymentPostprocessing = 0;
		};
/* End PBXFrameworksBuildPhase section */

/* Begin PBXGroup section */
		C360EF4A1C5D4C2800F50545 = {
			isa = PBXGroup;
			children = (
				C360EF9A1C5D8DC100F50545 /* MessageUI.framework */,
				C360EF551C5D4C2800F50545 /* Emercuate */,
				C360EF6F1C5D4C2800F50545 /* EmercuateTests */,
				C360EF7A1C5D4C2800F50545 /* EmercuateUITests */,
				C360EF541C5D4C2800F50545 /* Products */,
			);
			sourceTree = "<group>";
		};
		C360EF541C5D4C2800F50545 /* Products */ = {
			isa = PBXGroup;
			children = (
				C360EF531C5D4C2800F50545 /* Emercuate.app */,
				C360EF6C1C5D4C2800F50545 /* EmercuateTests.xctest */,
				C360EF771C5D4C2800F50545 /* EmercuateUITests.xctest */,
			);
			name = Products;
			sourceTree = "<group>";
		};
		C360EF551C5D4C2800F50545 /* Emercuate */ = {
			isa = PBXGroup;
			children = (
				C360EF591C5D4C2800F50545 /* AppDelegate.h */,
				C360EF5A1C5D4C2800F50545 /* AppDelegate.m */,
				C360EF9C1C5DA36400F50545 /* Information.h */,
				C360EF9D1C5DA36400F50545 /* Information.m */,
				C360EF5C1C5D4C2800F50545 /* MainViewController.h */,
				C360EF5D1C5D4C2800F50545 /* MainViewController.m */,
				C360EF911C5D53A300F50545 /* InformationTableViewController.h */,
				C360EF921C5D53A300F50545 /* InformationTableViewController.m */,
				C360EF5F1C5D4C2800F50545 /* Main.storyboard */,
				C360EF621C5D4C2800F50545 /* Assets.xcassets */,
				C360EF641C5D4C2800F50545 /* LaunchScreen.storyboard */,
				C360EF671C5D4C2800F50545 /* Info.plist */,
				C360EF561C5D4C2800F50545 /* Supporting Files */,
			);
			path = Emercuate;
			sourceTree = "<group>";
		};
		C360EF561C5D4C2800F50545 /* Supporting Files */ = {
			isa = PBXGroup;
			children = (
				C360EF571C5D4C2800F50545 /* main.m */,
			);
			name = "Supporting Files";
			sourceTree = "<group>";
		};
		C360EF6F1C5D4C2800F50545 /* EmercuateTests */ = {
			isa = PBXGroup;
			children = (
				C360EF701C5D4C2800F50545 /* EmercuateTests.m */,
				C360EF721C5D4C2800F50545 /* Info.plist */,
			);
			path = EmercuateTests;
			sourceTree = "<group>";
		};
		C360EF7A1C5D4C2800F50545 /* EmercuateUITests */ = {
			isa = PBXGroup;
			children = (
				C360EF7B1C5D4C2800F50545 /* EmercuateUITests.m */,
				C360EF7D1C5D4C2800F50545 /* Info.plist */,
			);
			path = EmercuateUITests;
			sourceTree = "<group>";
		};
/* End PBXGroup section */

/* Begin PBXNativeTarget section */
		C360EF521C5D4C2800F50545 /* Emercuate */ = {
			isa = PBXNativeTarget;
			buildConfigurationList = C360EF801C5D4C2800F50545 /* Build configuration list for PBXNativeTarget "Emercuate" */;
			buildPhases = (
				C360EF4F1C5D4C2800F50545 /* Sources */,
				C360EF501C5D4C2800F50545 /* Frameworks */,
				C360EF511C5D4C2800F50545 /* Resources */,
			);
			buildRules = (
			);
			dependencies = (
			);
			name = Emercuate;
			productName = Emercuate;
			productReference = C360EF531C5D4C2800F50545 /* Emercuate.app */;
			productType = "com.apple.product-type.application";
		};
		C360EF6B1C5D4C2800F50545 /* EmercuateTests */ = {
			isa = PBXNativeTarget;
			buildConfigurationList = C360EF831C5D4C2800F50545 /* Build configuration list for PBXNativeTarget "EmercuateTests" */;
			buildPhases = (
				C360EF681C5D4C2800F50545 /* Sources */,
				C360EF691C5D4C2800F50545 /* Frameworks */,
				C360EF6A1C5D4C2800F50545 /* Resources */,
			);
			buildRules = (
			);
			dependencies = (
				C360EF6E1C5D4C2800F50545 /* PBXTargetDependency */,
			);
			name = EmercuateTests;
			productName = EmercuateTests;
			productReference = C360EF6C1C5D4C2800F50545 /* EmercuateTests.xctest */;
			productType = "com.apple.product-type.bundle.unit-test";
		};
		C360EF761C5D4C2800F50545 /* EmercuateUITests */ = {
			isa = PBXNativeTarget;
			buildConfigurationList = C360EF861C5D4C2800F50545 /* Build configuration list for PBXNativeTarget "EmercuateUITests" */;
			buildPhases = (
				C360EF731C5D4C2800F50545 /* Sources */,
				C360EF741C5D4C2800F50545 /* Frameworks */,
				C360EF751C5D4C2800F50545 /* Resources */,
			);
			buildRules = (
			);
			dependencies = (
				C360EF791C5D4C2800F50545 /* PBXTargetDependency */,
			);
			name = EmercuateUITests;
			productName = EmercuateUITests;
			productReference = C360EF771C5D4C2800F50545 /* EmercuateUITests.xctest */;
			productType = "com.apple.product-type.bundle.ui-testing";
		};
/* End PBXNativeTarget section */

/* Begin PBXProject section */
		C360EF4B1C5D4C2800F50545 /* Project object */ = {
			isa = PBXProject;
			attributes = {
				LastUpgradeCheck = 0720;
				ORGANIZATIONNAME = RescueBots;
				TargetAttributes = {
					C360EF521C5D4C2800F50545 = {
						CreatedOnToolsVersion = 7.2;
					};
					C360EF6B1C5D4C2800F50545 = {
						CreatedOnToolsVersion = 7.2;
						TestTargetID = C360EF521C5D4C2800F50545;
					};
					C360EF761C5D4C2800F50545 = {
						CreatedOnToolsVersion = 7.2;
						TestTargetID = C360EF521C5D4C2800F50545;
					};
				};
			};
			buildConfigurationList = C360EF4E1C5D4C2800F50545 /* Build configuration list for PBXProject "Emercuate" */;
			compatibilityVersion = "Xcode 3.2";
			developmentRegion = English;
			hasScannedForEncodings = 0;
			knownRegions = (
				en,
				Base,
			);
			mainGroup = C360EF4A1C5D4C2800F50545;
			productRefGroup = C360EF541C5D4C2800F50545 /* Products */;
			projectDirPath = "";
			projectRoot = "";
			targets = (
				C360EF521C5D4C2800F50545 /* Emercuate */,
				C360EF6B1C5D4C2800F50545 /* EmercuateTests */,
				C360EF761C5D4C2800F50545 /* EmercuateUITests */,
			);
		};
/* End PBXProject section */

/* Begin PBXResourcesBuildPhase section */
		C360EF511C5D4C2800F50545 /* Resources */ = {
			isa = PBXResourcesBuildPhase;
			buildActionMask = 2147483647;
			files = (
				C360EF661C5D4C2800F50545 /* LaunchScreen.storyboard in Resources */,
				C360EF631C5D4C2800F50545 /* Assets.xcassets in Resources */,
				C360EF611C5D4C2800F50545 /* Main.storyboard in Resources */,
			);
			runOnlyForDeploymentPostprocessing = 0;
		};
		C360EF6A1C5D4C2800F50545 /* Resources */ = {
			isa = PBXResourcesBuildPhase;
			buildActionMask = 2147483647;
			files = (
			);
			runOnlyForDeploymentPostprocessing = 0;
		};
		C360EF751C5D4C2800F50545 /* Resources */ = {
			isa = PBXResourcesBuildPhase;
			buildActionMask = 2147483647;
			files = (
			);
			runOnlyForDeploymentPostprocessing = 0;
		};
/* End PBXResourcesBuildPhase section */

/* Begin PBXSourcesBuildPhase section */
		C360EF4F1C5D4C2800F50545 /* Sources */ = {
			isa = PBXSourcesBuildPhase;
			buildActionMask = 2147483647;
			files = (
				C360EF931C5D53A300F50545 /* InformationTableViewController.m in Sources */,
				C360EF9E1C5DA36400F50545 /* Information.m in Sources */,
				C360EF5E1C5D4C2800F50545 /* MainViewController.m in Sources */,
				C360EF5B1C5D4C2800F50545 /* AppDelegate.m in Sources */,
				C360EF581C5D4C2800F50545 /* main.m in Sources */,
			);
			runOnlyForDeploymentPostprocessing = 0;
		};
		C360EF681C5D4C2800F50545 /* Sources */ = {
			isa = PBXSourcesBuildPhase;
			buildActionMask = 2147483647;
			files = (
				C360EF711C5D4C2800F50545 /* EmercuateTests.m in Sources */,
			);
			runOnlyForDeploymentPostprocessing = 0;
		};
		C360EF731C5D4C2800F50545 /* Sources */ = {
			isa = PBXSourcesBuildPhase;
			buildActionMask = 2147483647;
			files = (
				C360EF7C1C5D4C2800F50545 /* EmercuateUITests.m in Sources */,
			);
			runOnlyForDeploymentPostprocessing = 0;
		};
/* End PBXSourcesBuildPhase section */

/* Begin PBXTargetDependency section */
		C360EF6E1C5D4C2800F50545 /* PBXTargetDependency */ = {
			isa = PBXTargetDependency;
			target = C360EF521C5D4C2800F50545 /* Emercuate */;
			targetProxy = C360EF6D1C5D4C2800F50545 /* PBXContainerItemProxy */;
		};
		C360EF791C5D4C2800F50545 /* PBXTargetDependency */ = {
			isa = PBXTargetDependency;
			target = C360EF521C5D4C2800F50545 /* Emercuate */;
			targetProxy = C360EF781C5D4C2800F50545 /* PBXContainerItemProxy */;
		};
/* End PBXTargetDependency section */

/* Begin PBXVariantGroup section */
		C360EF5F1C5D4C2800F50545 /* Main.storyboard */ = {
			isa = PBXVariantGroup;
			children = (
				C360EF601C5D4C2800F50545 /* Base */,
			);
			name = Main.storyboard;
			sourceTree = "<group>";
		};
		C360EF641C5D4C2800F50545 /* LaunchScreen.storyboard */ = {
			isa = PBXVariantGroup;
			children = (
				C360EF651C5D4C2800F50545 /* Base */,
			);
			name = LaunchScreen.storyboard;
			sourceTree = "<group>";
		};
/* End PBXVariantGroup section */

/* Begin XCBuildConfiguration section */
		C360EF7E1C5D4C2800F50545 /* Debug */ = {
			isa = XCBuildConfiguration;
			buildSettings = {
				ALWAYS_SEARCH_USER_PATHS = NO;
				CLANG_CXX_LANGUAGE_STANDARD = "gnu++0x";
				CLANG_CXX_LIBRARY = "libc++";
				CLANG_ENABLE_MODULES = YES;
				CLANG_ENABLE_OBJC_ARC = YES;
				CLANG_WARN_BOOL_CONVERSION = YES;
				CLANG_WARN_CONSTANT_CONVERSION = YES;
				CLANG_WARN_DIRECT_OBJC_ISA_USAGE = YES_ERROR;
				CLANG_WARN_EMPTY_BODY = YES;
				CLANG_WARN_ENUM_CONVERSION = YES;
				CLANG_WARN_INT_CONVERSION = YES;
				CLANG_WARN_OBJC_ROOT_CLASS = YES_ERROR;
				CLANG_WARN_UNREACHABLE_CODE = YES;
				CLANG_WARN__DUPLICATE_METHOD_MATCH = YES;
				"CODE_SIGN_IDENTITY[sdk=iphoneos*]" = "iPhone Developer";
				COPY_PHASE_STRIP = NO;
				DEBUG_INFORMATION_FORMAT = dwarf;
				ENABLE_STRICT_OBJC_MSGSEND = YES;
				ENABLE_TESTABILITY = YES;
				GCC_C_LANGUAGE_STANDARD = gnu99;
				GCC_DYNAMIC_NO_PIC = NO;
				GCC_NO_COMMON_BLOCKS = YES;
				GCC_OPTIMIZATION_LEVEL = 0;
				GCC_PREPROCESSOR_DEFINITIONS = (
					"DEBUG=1",
					"$(inherited)",
				);
				GCC_WARN_64_TO_32_BIT_CONVERSION = YES;
				GCC_WARN_ABOUT_RETURN_TYPE = YES_ERROR;
				GCC_WARN_UNDECLARED_SELECTOR = YES;
				GCC_WARN_UNINITIALIZED_AUTOS = YES_AGGRESSIVE;
				GCC_WARN_UNUSED_FUNCTION = YES;
				GCC_WARN_UNUSED_VARIABLE = YES;
				IPHONEOS_DEPLOYMENT_TARGET = 9.2;
				MTL_ENABLE_DEBUG_INFO = YES;
				ONLY_ACTIVE_ARCH = YES;
				SDKROOT = iphoneos;
			};
			name = Debug;
		};
		C360EF7F1C5D4C2800F50545 /* Release */ = {
			isa = XCBuildConfiguration;
			buildSettings = {
				ALWAYS_SEARCH_USER_PATHS = NO;
				CLANG_CXX_LANGUAGE_STANDARD = "gnu++0x";
				CLANG_CXX_LIBRARY = "libc++";
				CLANG_ENABLE_MODULES = YES;
				CLANG_ENABLE_OBJC_ARC = YES;
				CLANG_WARN_BOOL_CONVERSION = YES;
				CLANG_WARN_CONSTANT_CONVERSION = YES;
				CLANG_WARN_DIRECT_OBJC_ISA_USAGE = YES_ERROR;
				CLANG_WARN_EMPTY_BODY = YES;
				CLANG_WARN_ENUM_CONVERSION = YES;
				CLANG_WARN_INT_CONVERSION = YES;
				CLANG_WARN_OBJC_ROOT_CLASS = YES_ERROR;
				CLANG_WARN_UNREACHABLE_CODE = YES;
				CLANG_WARN__DUPLICATE_METHOD_MATCH = YES;
				"CODE_SIGN_IDENTITY[sdk=iphoneos*]" = "iPhone Developer";
				COPY_PHASE_STRIP = NO;
				DEBUG_INFORMATION_FORMAT = "dwarf-with-dsym";
				ENABLE_NS_ASSERTIONS = NO;
				ENABLE_STRICT_OBJC_MSGSEND = YES;
				GCC_C_LANGUAGE_STANDARD = gnu99;
				GCC_NO_COMMON_BLOCKS = YES;
				GCC_WARN_64_TO_32_BIT_CONVERSION = YES;
				GCC_WARN_ABOUT_RETURN_TYPE = YES_ERROR;
				GCC_WARN_UNDECLARED_SELECTOR = YES;
				GCC_WARN_UNINITIALIZED_AUTOS = YES_AGGRESSIVE;
				GCC_WARN_UNUSED_FUNCTION = YES;
				GCC_WARN_UNUSED_VARIABLE = YES;
				IPHONEOS_DEPLOYMENT_TARGET = 9.2;
				MTL_ENABLE_DEBUG_INFO = NO;
				SDKROOT = iphoneos;
				VALIDATE_PRODUCT = YES;
			};
			name = Release;
		};
		C360EF811C5D4C2800F50545 /* Debug */ = {
			isa = XCBuildConfiguration;
			buildSettings = {
				ASSETCATALOG_COMPILER_APPICON_NAME = AppIcon;
				INFOPLIST_FILE = Emercuate/Info.plist;
				IPHONEOS_DEPLOYMENT_TARGET = 8.0;
				LD_RUNPATH_SEARCH_PATHS = "$(inherited) @executable_path/Frameworks";
				PRODUCT_BUNDLE_IDENTIFIER = com.example.Emercuate;
				PRODUCT_NAME = "$(TARGET_NAME)";
			};
			name = Debug;
		};
		C360EF821C5D4C2800F50545 /* Release */ = {
			isa = XCBuildConfiguration;
			buildSettings = {
				ASSETCATALOG_COMPILER_APPICON_NAME = AppIcon;
				INFOPLIST_FILE = Emercuate/Info.plist;
				IPHONEOS_DEPLOYMENT_TARGET = 8.0;
				LD_RUNPATH_SEARCH_PATHS = "$(inherited) @executable_path/Frameworks";
				PRODUCT_BUNDLE_IDENTIFIER = com.example.Emercuate;
				PRODUCT_NAME = "$(TARGET_NAME)";
			};
			name = Release;
		};
		C360EF841C5D4C2800F50545 /* Debug */ = {
			isa = XCBuildConfiguration;
			buildSettings = {
				BUNDLE_LOADER = "$(TEST_HOST)";
				INFOPLIST_FILE = EmercuateTests/Info.plist;
				LD_RUNPATH_SEARCH_PATHS = "$(inherited) @executable_path/Frameworks @loader_path/Frameworks";
				PRODUCT_BUNDLE_IDENTIFIER = com.example.EmercuateTests;
				PRODUCT_NAME = "$(TARGET_NAME)";
				TEST_HOST = "$(BUILT_PRODUCTS_DIR)/Emercuate.app/Emercuate";
			};
			name = Debug;
		};
		C360EF851C5D4C2800F50545 /* Release */ = {
			isa = XCBuildConfiguration;
			buildSettings = {
				BUNDLE_LOADER = "$(TEST_HOST)";
				INFOPLIST_FILE = EmercuateTests/Info.plist;
				LD_RUNPATH_SEARCH_PATHS = "$(inherited) @executable_path/Frameworks @loader_path/Frameworks";
				PRODUCT_BUNDLE_IDENTIFIER = com.example.EmercuateTests;
				PRODUCT_NAME = "$(TARGET_NAME)";
				TEST_HOST = "$(BUILT_PRODUCTS_DIR)/Emercuate.app/Emercuate";
			};
			name = Release;
		};
		C360EF871C5D4C2800F50545 /* Debug */ = {
			isa = XCBuildConfiguration;
			buildSettings = {
				INFOPLIST_FILE = EmercuateUITests/Info.plist;
				LD_RUNPATH_SEARCH_PATHS = "$(inherited) @executable_path/Frameworks @loader_path/Frameworks";
				PRODUCT_BUNDLE_IDENTIFIER = com.example.EmercuateUITests;
				PRODUCT_NAME = "$(TARGET_NAME)";
				TEST_TARGET_NAME = Emercuate;
				USES_XCTRUNNER = YES;
			};
			name = Debug;
		};
		C360EF881C5D4C2800F50545 /* Release */ = {
			isa = XCBuildConfiguration;
			buildSettings = {
				INFOPLIST_FILE = EmercuateUITests/Info.plist;
				LD_RUNPATH_SEARCH_PATHS = "$(inherited) @executable_path/Frameworks @loader_path/Frameworks";
				PRODUCT_BUNDLE_IDENTIFIER = com.example.EmercuateUITests;
				PRODUCT_NAME = "$(TARGET_NAME)";
				TEST_TARGET_NAME = Emercuate;
				USES_XCTRUNNER = YES;
			};
			name = Release;
		};
/* End XCBuildConfiguration section */

/* Begin XCConfigurationList section */
		C360EF4E1C5D4C2800F50545 /* Build configuration list for PBXProject "Emercuate" */ = {
			isa = XCConfigurationList;
			buildConfigurations = (
				C360EF7E1C5D4C2800F50545 /* Debug */,
				C360EF7F1C5D4C2800F50545 /* Release */,
			);
			defaultConfigurationIsVisible = 0;
			defaultConfigurationName = Release;
		};
		C360EF801C5D4C2800F50545 /* Build configuration list for PBXNativeTarget "Emercuate" */ = {
			isa = XCConfigurationList;
			buildConfigurations = (
				C360EF811C5D4C2800F50545 /* Debug */,
				C360EF821C5D4C2800F50545 /* Release */,
			);
			defaultConfigurationIsVisible = 0;
			defaultConfigurationName = Release;
		};
		C360EF831C5D4C2800F50545 /* Build configuration list for PBXNativeTarget "EmercuateTests" */ = {
			isa = XCConfigurationList;
			buildConfigurations = (
				C360EF841C5D4C2800F50545 /* Debug */,
				C360EF851C5D4C2800F50545 /* Release */,
			);
			defaultConfigurationIsVisible = 0;
			defaultConfigurationName = Release;
		};
		C360EF861C5D4C2800F50545 /* Build configuration list for PBXNativeTarget "EmercuateUITests" */ = {
			isa = XCConfigurationList;
			buildConfigurations = (
				C360EF871C5D4C2800F50545 /* Debug */,
				C360EF881C5D4C2800F50545 /* Release */,
			);
			defaultConfigurationIsVisible = 0;
			defaultConfigurationName = Release;
		};
/* End XCConfigurationList section */
	};
	rootObject = C360EF4B1C5D4C2800F50545 /* Project object */;
}
